
Microsoft Visual Studio Solution File, Format Version 12.00
# Visual Studio 2013
VisualStudioVersion = 12.0.31101.0
MinimumVisualStudioVersion = 10.0.40219.1
Project("{FAE04EC0-301F-11D3-BF4B-00C04F79EFBC}") = "Cartesian Coordinate System", "TestExample2011-2012\Cartesian Coordinate System.csproj", "{3FAE5FF8-3E8F-41C4-BA10-238B17BC6ABF}"
EndProject
Project("{FAE04EC0-301F-11D3-BF4B-00C04F79EFBC}") = "MissCat", "MissCat\MissCat.csproj", "{D15D8CBA-FE84-462C-84AB-0CDBA195D613}"
EndProject
Project("{FAE04EC0-301F-11D3-BF4B-00C04F79EFBC}") = "ForestRoad", "ForestRoad\ForestRoad.csproj", "{A16CCFF9-F7FB-46F8-B699-7560A2621FD9}"
EndProject
Project("{FAE04EC0-301F-11D3-BF4B-00C04F79EFBC}") = "BinaryDigitsCount", "BinaryDigitsCount\BinaryDigitsCount.csproj", "{14010D9B-2A13-4EFB-B101-9A91AA2AB238}"
EndProject
Global
	GlobalSection(SolutionConfigurationPlatforms) = preSolution
		Debug|Any CPU = Debug|Any CPU
		Release|Any CPU = Release|Any CPU
	EndGlobalSection
	GlobalSection(ProjectConfigurationPlatforms) = postSolution
		{3FAE5FF8-3E8F-41C4-BA10-238B17BC6ABF}.Debug|Any CPU.ActiveCfg = Debug|Any CPU
		{3FAE5FF8-3E8F-41C4-BA10-238B17BC6ABF}.Debug|Any CPU.Build.0 = Debug|Any CPU
		{3FAE5FF8-3E8F-41C4-BA10-238B17BC6ABF}.Release|Any CPU.ActiveCfg = Release|Any CPU
		{3FAE5FF8-3E8F-41C4-BA10-238B17BC6ABF}.Release|Any CPU.Build.0 = Release|Any CPU
		{D15D8CBA-FE84-462C-84AB-0CDBA195D613}.Debug|Any CPU.ActiveCfg = Debug|Any CPU
		{D15D8CBA-FE84-462C-84AB-0CDBA195D613}.Debug|Any CPU.Build.0 = Debug|Any CPU
		{D15D8CBA-FE84-462C-84AB-0CDBA195D613}.Release|Any CPU.ActiveCfg = Release|Any CPU
		{D15D8CBA-FE84-462C-84AB-0CDBA195D613}.Release|Any CPU.Build.0 = Release|Any CPU
		{A16CCFF9-F7FB-46F8-B699-7560A2621FD9}.Debug|Any CPU.ActiveCfg = Debug|Any CPU
		{A16CCFF9-F7FB-46F8-B699-7560A2621FD9}.Debug|Any CPU.Build.0 = Debug|Any CPU
		{A16CCFF9-F7FB-46F8-B699-7560A2621FD9}.Release|Any CPU.ActiveCfg = Release|Any CPU
		{A16CCFF9-F7FB-46F8-B699-7560A2621FD9}.Release|Any CPU.Build.0 = Release|Any CPU
		{14010D9B-2A13-4EFB-B101-9A91AA2AB238}.Debug|Any CPU.ActiveCfg = Debug|Any CPU
		{14010D9B-2A13-4EFB-B101-9A91AA2AB238}.Debug|Any CPU.Build.0 = Debug|Any CPU
		{14010D9B-2A13-4EFB-B101-9A91AA2AB238}.Release|Any CPU.ActiveCfg = Release|Any CPU
		{14010D9B-2A13-4EFB-B101-9A91AA2AB238}.Release|Any CPU.Build.0 = Release|Any CPU
	EndGlobalSection
	GlobalSection(SolutionProperties) = preSolution
		HideSolutionNode = FALSE
	EndGlobalSection
EndGlobal
