
Microsoft Visual Studio Solution File, Format Version 12.00
# Visual Studio 2013
VisualStudioVersion = 12.0.31101.0
MinimumVisualStudioVersion = 10.0.40219.1
Project("{FAE04EC0-301F-11D3-BF4B-00C04F79EFBC}") = "HelloCSharp", "ConsoleApplication1\HelloCSharp.csproj", "{E9AFA0B3-87C7-4F77-BBB5-E23F9A47F38C}"
EndProject
Project("{FAE04EC0-301F-11D3-BF4B-00C04F79EFBC}") = "PrintMyName", "PrintMyName\PrintMyName.csproj", "{665E773A-DA45-4328-B8CE-3626E756C0A2}"
EndProject
Project("{FAE04EC0-301F-11D3-BF4B-00C04F79EFBC}") = "PrintNumbers", "PrintNumbers\PrintNumbers.csproj", "{3153568F-FB76-4561-92AE-CC72D8E3B103}"
EndProject
Project("{FAE04EC0-301F-11D3-BF4B-00C04F79EFBC}") = "PrintFirstAndLastName", "PrintFirstAndLastName\PrintFirstAndLastName.csproj", "{B29E5ACA-592A-4E28-ACCB-4FF1726DDE2A}"
EndProject
Project("{FAE04EC0-301F-11D3-BF4B-00C04F79EFBC}") = "SquareRoot", "SquareRoot\SquareRoot.csproj", "{7FFDBCD9-EB6C-4A7C-BCB8-43A4E3DF0099}"
EndProject
Project("{FAE04EC0-301F-11D3-BF4B-00C04F79EFBC}") = "PrintASequence", "PrintASequence\PrintASequence.csproj", "{10A89907-B5C2-414B-9894-1969AC26CF47}"
EndProject
Project("{FAE04EC0-301F-11D3-BF4B-00C04F79EFBC}") = "ReformatCSharpCode", "ReformatCSharpCode\ReformatCSharpCode.csproj", "{7EDFC84E-58AD-4727-A2B3-43DE4518BF56}"
EndProject
Project("{FAE04EC0-301F-11D3-BF4B-00C04F79EFBC}") = "CurrentDateAndTime", "CurrentDateAndTime\CurrentDateAndTime.csproj", "{2119A63B-55C8-4604-95FA-2063E4AD12F7}"
EndProject
Project("{FAE04EC0-301F-11D3-BF4B-00C04F79EFBC}") = "AgeAfter10Years", "AgeAfter10Years\AgeAfter10Years.csproj", "{DA858763-10AC-4047-A94F-A5CF2EF0ED1B}"
EndProject
Project("{FAE04EC0-301F-11D3-BF4B-00C04F79EFBC}") = "PrintLongSequence", "PrintLongSequence\PrintLongSequence.csproj", "{C11F5E8B-6BEB-43D7-BAEB-D5354983B290}"
EndProject
Global
	GlobalSection(SolutionConfigurationPlatforms) = preSolution
		Debug|Any CPU = Debug|Any CPU
		Release|Any CPU = Release|Any CPU
	EndGlobalSection
	GlobalSection(ProjectConfigurationPlatforms) = postSolution
		{E9AFA0B3-87C7-4F77-BBB5-E23F9A47F38C}.Debug|Any CPU.ActiveCfg = Debug|Any CPU
		{E9AFA0B3-87C7-4F77-BBB5-E23F9A47F38C}.Debug|Any CPU.Build.0 = Debug|Any CPU
		{E9AFA0B3-87C7-4F77-BBB5-E23F9A47F38C}.Release|Any CPU.ActiveCfg = Release|Any CPU
		{E9AFA0B3-87C7-4F77-BBB5-E23F9A47F38C}.Release|Any CPU.Build.0 = Release|Any CPU
		{665E773A-DA45-4328-B8CE-3626E756C0A2}.Debug|Any CPU.ActiveCfg = Debug|Any CPU
		{665E773A-DA45-4328-B8CE-3626E756C0A2}.Debug|Any CPU.Build.0 = Debug|Any CPU
		{665E773A-DA45-4328-B8CE-3626E756C0A2}.Release|Any CPU.ActiveCfg = Release|Any CPU
		{665E773A-DA45-4328-B8CE-3626E756C0A2}.Release|Any CPU.Build.0 = Release|Any CPU
		{3153568F-FB76-4561-92AE-CC72D8E3B103}.Debug|Any CPU.ActiveCfg = Debug|Any CPU
		{3153568F-FB76-4561-92AE-CC72D8E3B103}.Debug|Any CPU.Build.0 = Debug|Any CPU
		{3153568F-FB76-4561-92AE-CC72D8E3B103}.Release|Any CPU.ActiveCfg = Release|Any CPU
		{3153568F-FB76-4561-92AE-CC72D8E3B103}.Release|Any CPU.Build.0 = Release|Any CPU
		{B29E5ACA-592A-4E28-ACCB-4FF1726DDE2A}.Debug|Any CPU.ActiveCfg = Debug|Any CPU
		{B29E5ACA-592A-4E28-ACCB-4FF1726DDE2A}.Debug|Any CPU.Build.0 = Debug|Any CPU
		{B29E5ACA-592A-4E28-ACCB-4FF1726DDE2A}.Release|Any CPU.ActiveCfg = Release|Any CPU
		{B29E5ACA-592A-4E28-ACCB-4FF1726DDE2A}.Release|Any CPU.Build.0 = Release|Any CPU
		{7FFDBCD9-EB6C-4A7C-BCB8-43A4E3DF0099}.Debug|Any CPU.ActiveCfg = Debug|Any CPU
		{7FFDBCD9-EB6C-4A7C-BCB8-43A4E3DF0099}.Debug|Any CPU.Build.0 = Debug|Any CPU
		{7FFDBCD9-EB6C-4A7C-BCB8-43A4E3DF0099}.Release|Any CPU.ActiveCfg = Release|Any CPU
		{7FFDBCD9-EB6C-4A7C-BCB8-43A4E3DF0099}.Release|Any CPU.Build.0 = Release|Any CPU
		{10A89907-B5C2-414B-9894-1969AC26CF47}.Debug|Any CPU.ActiveCfg = Debug|Any CPU
		{10A89907-B5C2-414B-9894-1969AC26CF47}.Debug|Any CPU.Build.0 = Debug|Any CPU
		{10A89907-B5C2-414B-9894-1969AC26CF47}.Release|Any CPU.ActiveCfg = Release|Any CPU
		{10A89907-B5C2-414B-9894-1969AC26CF47}.Release|Any CPU.Build.0 = Release|Any CPU
		{7EDFC84E-58AD-4727-A2B3-43DE4518BF56}.Debug|Any CPU.ActiveCfg = Debug|Any CPU
		{7EDFC84E-58AD-4727-A2B3-43DE4518BF56}.Debug|Any CPU.Build.0 = Debug|Any CPU
		{7EDFC84E-58AD-4727-A2B3-43DE4518BF56}.Release|Any CPU.ActiveCfg = Release|Any CPU
		{7EDFC84E-58AD-4727-A2B3-43DE4518BF56}.Release|Any CPU.Build.0 = Release|Any CPU
		{2119A63B-55C8-4604-95FA-2063E4AD12F7}.Debug|Any CPU.ActiveCfg = Debug|Any CPU
		{2119A63B-55C8-4604-95FA-2063E4AD12F7}.Debug|Any CPU.Build.0 = Debug|Any CPU
		{2119A63B-55C8-4604-95FA-2063E4AD12F7}.Release|Any CPU.ActiveCfg = Release|Any CPU
		{2119A63B-55C8-4604-95FA-2063E4AD12F7}.Release|Any CPU.Build.0 = Release|Any CPU
		{DA858763-10AC-4047-A94F-A5CF2EF0ED1B}.Debug|Any CPU.ActiveCfg = Debug|Any CPU
		{DA858763-10AC-4047-A94F-A5CF2EF0ED1B}.Debug|Any CPU.Build.0 = Debug|Any CPU
		{DA858763-10AC-4047-A94F-A5CF2EF0ED1B}.Release|Any CPU.ActiveCfg = Release|Any CPU
		{DA858763-10AC-4047-A94F-A5CF2EF0ED1B}.Release|Any CPU.Build.0 = Release|Any CPU
		{C11F5E8B-6BEB-43D7-BAEB-D5354983B290}.Debug|Any CPU.ActiveCfg = Debug|Any CPU
		{C11F5E8B-6BEB-43D7-BAEB-D5354983B290}.Debug|Any CPU.Build.0 = Debug|Any CPU
		{C11F5E8B-6BEB-43D7-BAEB-D5354983B290}.Release|Any CPU.ActiveCfg = Release|Any CPU
		{C11F5E8B-6BEB-43D7-BAEB-D5354983B290}.Release|Any CPU.Build.0 = Release|Any CPU
	EndGlobalSection
	GlobalSection(SolutionProperties) = preSolution
		HideSolutionNode = FALSE
	EndGlobalSection
EndGlobal
